// !$*UTF8*$!
{
	archiveVersion = 1;
	classes = {
	};
	objectVersion = 50;
	objects = {

/* Begin PBXBuildFile section */
		5F0F247322DBC57300A12B0B /* AppDelegate.swift in Sources */ = {isa = PBXBuildFile; fileRef = 5F0F247222DBC57300A12B0B /* AppDelegate.swift */; };
		5F0F247522DBC57300A12B0B /* ViewController.swift in Sources */ = {isa = PBXBuildFile; fileRef = 5F0F247422DBC57300A12B0B /* ViewController.swift */; };
		5F0F247822DBC57300A12B0B /* Main.storyboard in Resources */ = {isa = PBXBuildFile; fileRef = 5F0F247622DBC57300A12B0B /* Main.storyboard */; };
		5F0F247A22DBC57400A12B0B /* Assets.xcassets in Resources */ = {isa = PBXBuildFile; fileRef = 5F0F247922DBC57400A12B0B /* Assets.xcassets */; };
		5F0F247D22DBC57400A12B0B /* LaunchScreen.storyboard in Resources */ = {isa = PBXBuildFile; fileRef = 5F0F247B22DBC57400A12B0B /* LaunchScreen.storyboard */; };
		5F0F248822DBC57400A12B0B /* despegar_wongTests.swift in Sources */ = {isa = PBXBuildFile; fileRef = 5F0F248722DBC57400A12B0B /* despegar_wongTests.swift */; };
		5F0F249322DBC57400A12B0B /* despegar_wongUITests.swift in Sources */ = {isa = PBXBuildFile; fileRef = 5F0F249222DBC57400A12B0B /* despegar_wongUITests.swift */; };
/* End PBXBuildFile section */

/* Begin PBXContainerItemProxy section */
		5F0F248422DBC57400A12B0B /* PBXContainerItemProxy */ = {
			isa = PBXContainerItemProxy;
			containerPortal = 5F0F246722DBC57300A12B0B /* Project object */;
			proxyType = 1;
			remoteGlobalIDString = 5F0F246E22DBC57300A12B0B;
			remoteInfo = despegar.wong;
		};
		5F0F248F22DBC57400A12B0B /* PBXContainerItemProxy */ = {
			isa = PBXContainerItemProxy;
			containerPortal = 5F0F246722DBC57300A12B0B /* Project object */;
			proxyType = 1;
			remoteGlobalIDString = 5F0F246E22DBC57300A12B0B;
			remoteInfo = despegar.wong;
		};
/* End PBXContainerItemProxy section */

/* Begin PBXFileReference section */
		5F0F246F22DBC57300A12B0B /* despegar.wong.app */ = {isa = PBXFileReference; explicitFileType = wrapper.application; includeInIndex = 0; path = despegar.wong.app; sourceTree = BUILT_PRODUCTS_DIR; };
		5F0F247222DBC57300A12B0B /* AppDelegate.swift */ = {isa = PBXFileReference; lastKnownFileType = sourcecode.swift; path = AppDelegate.swift; sourceTree = "<group>"; };
		5F0F247422DBC57300A12B0B /* ViewController.swift */ = {isa = PBXFileReference; lastKnownFileType = sourcecode.swift; path = ViewController.swift; sourceTree = "<group>"; };
		5F0F247722DBC57300A12B0B /* Base */ = {isa = PBXFileReference; lastKnownFileType = file.storyboard; name = Base; path = Base.lproj/Main.storyboard; sourceTree = "<group>"; };
		5F0F247922DBC57400A12B0B /* Assets.xcassets */ = {isa = PBXFileReference; lastKnownFileType = folder.assetcatalog; path = Assets.xcassets; sourceTree = "<group>"; };
		5F0F247C22DBC57400A12B0B /* Base */ = {isa = PBXFileReference; lastKnownFileType = file.storyboard; name = Base; path = Base.lproj/LaunchScreen.storyboard; sourceTree = "<group>"; };
		5F0F247E22DBC57400A12B0B /* Info.plist */ = {isa = PBXFileReference; lastKnownFileType = text.plist.xml; path = Info.plist; sourceTree = "<group>"; };
		5F0F248322DBC57400A12B0B /* despegar.wongTests.xctest */ = {isa = PBXFileReference; explicitFileType = wrapper.cfbundle; includeInIndex = 0; path = despegar.wongTests.xctest; sourceTree = BUILT_PRODUCTS_DIR; };
		5F0F248722DBC57400A12B0B /* despegar_wongTests.swift */ = {isa = PBXFileReference; lastKnownFileType = sourcecode.swift; path = despegar_wongTests.swift; sourceTree = "<group>"; };
		5F0F248922DBC57400A12B0B /* Info.plist */ = {isa = PBXFileReference; lastKnownFileType = text.plist.xml; path = Info.plist; sourceTree = "<group>"; };
		5F0F248E22DBC57400A12B0B /* despegar.wongUITests.xctest */ = {isa = PBXFileReference; explicitFileType = wrapper.cfbundle; includeInIndex = 0; path = despegar.wongUITests.xctest; sourceTree = BUILT_PRODUCTS_DIR; };
		5F0F249222DBC57400A12B0B /* despegar_wongUITests.swift */ = {isa = PBXFileReference; lastKnownFileType = sourcecode.swift; path = despegar_wongUITests.swift; sourceTree = "<group>"; };
		5F0F249422DBC57400A12B0B /* Info.plist */ = {isa = PBXFileReference; lastKnownFileType = text.plist.xml; path = Info.plist; sourceTree = "<group>"; };
/* End PBXFileReference section */

/* Begin PBXFrameworksBuildPhase section */
		5F0F246C22DBC57300A12B0B /* Frameworks */ = {
			isa = PBXFrameworksBuildPhase;
			buildActionMask = 2147483647;
			files = (
			);
			runOnlyForDeploymentPostprocessing = 0;
		};
		5F0F248022DBC57400A12B0B /* Frameworks */ = {
			isa = PBXFrameworksBuildPhase;
			buildActionMask = 2147483647;
			files = (
			);
			runOnlyForDeploymentPostprocessing = 0;
		};
		5F0F248B22DBC57400A12B0B /* Frameworks */ = {
			isa = PBXFrameworksBuildPhase;
			buildActionMask = 2147483647;
			files = (
			);
			runOnlyForDeploymentPostprocessing = 0;
		};
/* End PBXFrameworksBuildPhase section */

/* Begin PBXGroup section */
		5F0F246622DBC57300A12B0B = {
			isa = PBXGroup;
			children = (
				5F0F247122DBC57300A12B0B /* despegar.wong */,
				5F0F248622DBC57400A12B0B /* despegar.wongTests */,
				5F0F249122DBC57400A12B0B /* despegar.wongUITests */,
				5F0F247022DBC57300A12B0B /* Products */,
			);
			sourceTree = "<group>";
		};
		5F0F247022DBC57300A12B0B /* Products */ = {
			isa = PBXGroup;
			children = (
				5F0F246F22DBC57300A12B0B /* despegar.wong.app */,
				5F0F248322DBC57400A12B0B /* despegar.wongTests.xctest */,
				5F0F248E22DBC57400A12B0B /* despegar.wongUITests.xctest */,
			);
			name = Products;
			sourceTree = "<group>";
		};
		5F0F247122DBC57300A12B0B /* despegar.wong */ = {
			isa = PBXGroup;
			children = (
				5F0F247222DBC57300A12B0B /* AppDelegate.swift */,
				5F0F247422DBC57300A12B0B /* ViewController.swift */,
				5F0F247622DBC57300A12B0B /* Main.storyboard */,
				5F0F247922DBC57400A12B0B /* Assets.xcassets */,
				5F0F247B22DBC57400A12B0B /* LaunchScreen.storyboard */,
				5F0F247E22DBC57400A12B0B /* Info.plist */,
			);
			path = despegar.wong;
			sourceTree = "<group>";
		};
		5F0F248622DBC57400A12B0B /* despegar.wongTests */ = {
			isa = PBXGroup;
			children = (
				5F0F248722DBC57400A12B0B /* despegar_wongTests.swift */,
				5F0F248922DBC57400A12B0B /* Info.plist */,
			);
			path = despegar.wongTests;
			sourceTree = "<group>";
		};
		5F0F249122DBC57400A12B0B /* despegar.wongUITests */ = {
			isa = PBXGroup;
			children = (
				5F0F249222DBC57400A12B0B /* despegar_wongUITests.swift */,
				5F0F249422DBC57400A12B0B /* Info.plist */,
			);
			path = despegar.wongUITests;
			sourceTree = "<group>";
		};
/* End PBXGroup section */

/* Begin PBXNativeTarget section */
		5F0F246E22DBC57300A12B0B /* despegar.wong */ = {
			isa = PBXNativeTarget;
			buildConfigurationList = 5F0F249722DBC57400A12B0B /* Build configuration list for PBXNativeTarget "despegar.wong" */;
			buildPhases = (
				5F0F246B22DBC57300A12B0B /* Sources */,
				5F0F246C22DBC57300A12B0B /* Frameworks */,
				5F0F246D22DBC57300A12B0B /* Resources */,
			);
			buildRules = (
			);
			dependencies = (
			);
			name = despegar.wong;
			productName = despegar.wong;
			productReference = 5F0F246F22DBC57300A12B0B /* despegar.wong.app */;
			productType = "com.apple.product-type.application";
		};
		5F0F248222DBC57400A12B0B /* despegar.wongTests */ = {
			isa = PBXNativeTarget;
			buildConfigurationList = 5F0F249A22DBC57400A12B0B /* Build configuration list for PBXNativeTarget "despegar.wongTests" */;
			buildPhases = (
				5F0F247F22DBC57400A12B0B /* Sources */,
				5F0F248022DBC57400A12B0B /* Frameworks */,
				5F0F248122DBC57400A12B0B /* Resources */,
			);
			buildRules = (
			);
			dependencies = (
				5F0F248522DBC57400A12B0B /* PBXTargetDependency */,
			);
			name = despegar.wongTests;
			productName = despegar.wongTests;
			productReference = 5F0F248322DBC57400A12B0B /* despegar.wongTests.xctest */;
			productType = "com.apple.product-type.bundle.unit-test";
		};
		5F0F248D22DBC57400A12B0B /* despegar.wongUITests */ = {
			isa = PBXNativeTarget;
			buildConfigurationList = 5F0F249D22DBC57400A12B0B /* Build configuration list for PBXNativeTarget "despegar.wongUITests" */;
			buildPhases = (
				5F0F248A22DBC57400A12B0B /* Sources */,
				5F0F248B22DBC57400A12B0B /* Frameworks */,
				5F0F248C22DBC57400A12B0B /* Resources */,
			);
			buildRules = (
			);
			dependencies = (
				5F0F249022DBC57400A12B0B /* PBXTargetDependency */,
			);
			name = despegar.wongUITests;
			productName = despegar.wongUITests;
			productReference = 5F0F248E22DBC57400A12B0B /* despegar.wongUITests.xctest */;
			productType = "com.apple.product-type.bundle.ui-testing";
		};
/* End PBXNativeTarget section */

/* Begin PBXProject section */
		5F0F246722DBC57300A12B0B /* Project object */ = {
			isa = PBXProject;
			attributes = {
				LastSwiftUpdateCheck = 1010;
				LastUpgradeCheck = 1010;
				ORGANIZATIONNAME = "Ricardo Loor";
				TargetAttributes = {
					5F0F246E22DBC57300A12B0B = {
						CreatedOnToolsVersion = 10.1;
					};
					5F0F248222DBC57400A12B0B = {
						CreatedOnToolsVersion = 10.1;
						TestTargetID = 5F0F246E22DBC57300A12B0B;
					};
					5F0F248D22DBC57400A12B0B = {
						CreatedOnToolsVersion = 10.1;
						TestTargetID = 5F0F246E22DBC57300A12B0B;
					};
				};
			};
			buildConfigurationList = 5F0F246A22DBC57300A12B0B /* Build configuration list for PBXProject "despegar.wong" */;
			compatibilityVersion = "Xcode 9.3";
			developmentRegion = en;
			hasScannedForEncodings = 0;
			knownRegions = (
				en,
				Base,
			);
			mainGroup = 5F0F246622DBC57300A12B0B;
			productRefGroup = 5F0F247022DBC57300A12B0B /* Products */;
			projectDirPath = "";
			projectRoot = "";
			targets = (
				5F0F246E22DBC57300A12B0B /* despegar.wong */,
				5F0F248222DBC57400A12B0B /* despegar.wongTests */,
				5F0F248D22DBC57400A12B0B /* despegar.wongUITests */,
			);
		};
/* End PBXProject section */

/* Begin PBXResourcesBuildPhase section */
		5F0F246D22DBC57300A12B0B /* Resources */ = {
			isa = PBXResourcesBuildPhase;
			buildActionMask = 2147483647;
			files = (
				5F0F247D22DBC57400A12B0B /* LaunchScreen.storyboard in Resources */,
				5F0F247A22DBC57400A12B0B /* Assets.xcassets in Resources */,
				5F0F247822DBC57300A12B0B /* Main.storyboard in Resources */,
			);
			runOnlyForDeploymentPostprocessing = 0;
		};
		5F0F248122DBC57400A12B0B /* Resources */ = {
			isa = PBXResourcesBuildPhase;
			buildActionMask = 2147483647;
			files = (
			);
			runOnlyForDeploymentPostprocessing = 0;
		};
		5F0F248C22DBC57400A12B0B /* Resources */ = {
			isa = PBXResourcesBuildPhase;
			buildActionMask = 2147483647;
			files = (
			);
			runOnlyForDeploymentPostprocessing = 0;
		};
/* End PBXResourcesBuildPhase section */

/* Begin PBXSourcesBuildPhase section */
		5F0F246B22DBC57300A12B0B /* Sources */ = {
			isa = PBXSourcesBuildPhase;
			buildActionMask = 2147483647;
			files = (
				5F0F247522DBC57300A12B0B /* ViewController.swift in Sources */,
				5F0F247322DBC57300A12B0B /* AppDelegate.swift in Sources */,
			);
			runOnlyForDeploymentPostprocessing = 0;
		};
		5F0F247F22DBC57400A12B0B /* Sources */ = {
			isa = PBXSourcesBuildPhase;
			buildActionMask = 2147483647;
			files = (
				5F0F248822DBC57400A12B0B /* despegar_wongTests.swift in Sources */,
			);
			runOnlyForDeploymentPostprocessing = 0;
		};
		5F0F248A22DBC57400A12B0B /* Sources */ = {
			isa = PBXSourcesBuildPhase;
			buildActionMask = 2147483647;
			files = (
				5F0F249322DBC57400A12B0B /* despegar_wongUITests.swift in Sources */,
			);
			runOnlyForDeploymentPostprocessing = 0;
		};
/* End PBXSourcesBuildPhase section */

/* Begin PBXTargetDependency section */
		5F0F248522DBC57400A12B0B /* PBXTargetDependency */ = {
			isa = PBXTargetDependency;
			target = 5F0F246E22DBC57300A12B0B /* despegar.wong */;
			targetProxy = 5F0F248422DBC57400A12B0B /* PBXContainerItemProxy */;
		};
		5F0F249022DBC57400A12B0B /* PBXTargetDependency */ = {
			isa = PBXTargetDependency;
			target = 5F0F246E22DBC57300A12B0B /* despegar.wong */;
			targetProxy = 5F0F248F22DBC57400A12B0B /* PBXContainerItemProxy */;
		};
/* End PBXTargetDependency section */

/* Begin PBXVariantGroup section */
		5F0F247622DBC57300A12B0B /* Main.storyboard */ = {
			isa = PBXVariantGroup;
			children = (
				5F0F247722DBC57300A12B0B /* Base */,
			);
			name = Main.storyboard;
			sourceTree = "<group>";
		};
		5F0F247B22DBC57400A12B0B /* LaunchScreen.storyboard */ = {
			isa = PBXVariantGroup;
			children = (
				5F0F247C22DBC57400A12B0B /* Base */,
			);
			name = LaunchScreen.storyboard;
			sourceTree = "<group>";
		};
/* End PBXVariantGroup section */

/* Begin XCBuildConfiguration section */
		5F0F249522DBC57400A12B0B /* Debug */ = {
			isa = XCBuildConfiguration;
			buildSettings = {
				ALWAYS_SEARCH_USER_PATHS = NO;
				CLANG_ANALYZER_NONNULL = YES;
				CLANG_ANALYZER_NUMBER_OBJECT_CONVERSION = YES_AGGRESSIVE;
				CLANG_CXX_LANGUAGE_STANDARD = "gnu++14";
				CLANG_CXX_LIBRARY = "libc++";
				CLANG_ENABLE_MODULES = YES;
				CLANG_ENABLE_OBJC_ARC = YES;
				CLANG_ENABLE_OBJC_WEAK = YES;
				CLANG_WARN_BLOCK_CAPTURE_AUTORELEASING = YES;
				CLANG_WARN_BOOL_CONVERSION = YES;
				CLANG_WARN_COMMA = YES;
				CLANG_WARN_CONSTANT_CONVERSION = YES;
				CLANG_WARN_DEPRECATED_OBJC_IMPLEMENTATIONS = YES;
				CLANG_WARN_DIRECT_OBJC_ISA_USAGE = YES_ERROR;
				CLANG_WARN_DOCUMENTATION_COMMENTS = YES;
				CLANG_WARN_EMPTY_BODY = YES;
				CLANG_WARN_ENUM_CONVERSION = YES;
				CLANG_WARN_INFINITE_RECURSION = YES;
				CLANG_WARN_INT_CONVERSION = YES;
				CLANG_WARN_NON_LITERAL_NULL_CONVERSION = YES;
				CLANG_WARN_OBJC_IMPLICIT_RETAIN_SELF = YES;
				CLANG_WARN_OBJC_LITERAL_CONVERSION = YES;
				CLANG_WARN_OBJC_ROOT_CLASS = YES_ERROR;
				CLANG_WARN_RANGE_LOOP_ANALYSIS = YES;
				CLANG_WARN_STRICT_PROTOTYPES = YES;
				CLANG_WARN_SUSPICIOUS_MOVE = YES;
				CLANG_WARN_UNGUARDED_AVAILABILITY = YES_AGGRESSIVE;
				CLANG_WARN_UNREACHABLE_CODE = YES;
				CLANG_WARN__DUPLICATE_METHOD_MATCH = YES;
				CODE_SIGN_IDENTITY = "iPhone Developer";
				COPY_PHASE_STRIP = NO;
				DEBUG_INFORMATION_FORMAT = dwarf;
				ENABLE_STRICT_OBJC_MSGSEND = YES;
				ENABLE_TESTABILITY = YES;
				GCC_C_LANGUAGE_STANDARD = gnu11;
				GCC_DYNAMIC_NO_PIC = NO;
				GCC_NO_COMMON_BLOCKS = YES;
				GCC_OPTIMIZATION_LEVEL = 0;
				GCC_PREPROCESSOR_DEFINITIONS = (
					"DEBUG=1",
					"$(inherited)",
				);
				GCC_WARN_64_TO_32_BIT_CONVERSION = YES;
				GCC_WARN_ABOUT_RETURN_TYPE = YES_ERROR;
				GCC_WARN_UNDECLARED_SELECTOR = YES;
				GCC_WARN_UNINITIALIZED_AUTOS = YES_AGGRESSIVE;
				GCC_WARN_UNUSED_FUNCTION = YES;
				GCC_WARN_UNUSED_VARIABLE = YES;
				IPHONEOS_DEPLOYMENT_TARGET = 12.1;
				MTL_ENABLE_DEBUG_INFO = INCLUDE_SOURCE;
				MTL_FAST_MATH = YES;
				ONLY_ACTIVE_ARCH = YES;
				SDKROOT = iphoneos;
				SWIFT_ACTIVE_COMPILATION_CONDITIONS = DEBUG;
				SWIFT_OPTIMIZATION_LEVEL = "-Onone";
			};
			name = Debug;
		};
		5F0F249622DBC57400A12B0B /* Release */ = {
			isa = XCBuildConfiguration;
			buildSettings = {
				ALWAYS_SEARCH_USER_PATHS = NO;
				CLANG_ANALYZER_NONNULL = YES;
				CLANG_ANALYZER_NUMBER_OBJECT_CONVERSION = YES_AGGRESSIVE;
				CLANG_CXX_LANGUAGE_STANDARD = "gnu++14";
				CLANG_CXX_LIBRARY = "libc++";
				CLANG_ENABLE_MODULES = YES;
				CLANG_ENABLE_OBJC_ARC = YES;
				CLANG_ENABLE_OBJC_WEAK = YES;
				CLANG_WARN_BLOCK_CAPTURE_AUTORELEASING = YES;
				CLANG_WARN_BOOL_CONVERSION = YES;
				CLANG_WARN_COMMA = YES;
				CLANG_WARN_CONSTANT_CONVERSION = YES;
				CLANG_WARN_DEPRECATED_OBJC_IMPLEMENTATIONS = YES;
				CLANG_WARN_DIRECT_OBJC_ISA_USAGE = YES_ERROR;
				CLANG_WARN_DOCUMENTATION_COMMENTS = YES;
				CLANG_WARN_EMPTY_BODY = YES;
				CLANG_WARN_ENUM_CONVERSION = YES;
				CLANG_WARN_INFINITE_RECURSION = YES;
				CLANG_WARN_INT_CONVERSION = YES;
				CLANG_WARN_NON_LITERAL_NULL_CONVERSION = YES;
				CLANG_WARN_OBJC_IMPLICIT_RETAIN_SELF = YES;
				CLANG_WARN_OBJC_LITERAL_CONVERSION = YES;
				CLANG_WARN_OBJC_ROOT_CLASS = YES_ERROR;
				CLANG_WARN_RANGE_LOOP_ANALYSIS = YES;
				CLANG_WARN_STRICT_PROTOTYPES = YES;
				CLANG_WARN_SUSPICIOUS_MOVE = YES;
				CLANG_WARN_UNGUARDED_AVAILABILITY = YES_AGGRESSIVE;
				CLANG_WARN_UNREACHABLE_CODE = YES;
				CLANG_WARN__DUPLICATE_METHOD_MATCH = YES;
				CODE_SIGN_IDENTITY = "iPhone Developer";
				COPY_PHASE_STRIP = NO;
				DEBUG_INFORMATION_FORMAT = "dwarf-with-dsym";
				ENABLE_NS_ASSERTIONS = NO;
				ENABLE_STRICT_OBJC_MSGSEND = YES;
				GCC_C_LANGUAGE_STANDARD = gnu11;
				GCC_NO_COMMON_BLOCKS = YES;
				GCC_WARN_64_TO_32_BIT_CONVERSION = YES;
				GCC_WARN_ABOUT_RETURN_TYPE = YES_ERROR;
				GCC_WARN_UNDECLARED_SELECTOR = YES;
				GCC_WARN_UNINITIALIZED_AUTOS = YES_AGGRESSIVE;
				GCC_WARN_UNUSED_FUNCTION = YES;
				GCC_WARN_UNUSED_VARIABLE = YES;
				IPHONEOS_DEPLOYMENT_TARGET = 12.1;
				MTL_ENABLE_DEBUG_INFO = NO;
				MTL_FAST_MATH = YES;
				SDKROOT = iphoneos;
				SWIFT_COMPILATION_MODE = wholemodule;
				SWIFT_OPTIMIZATION_LEVEL = "-O";
				VALIDATE_PRODUCT = YES;
			};
			name = Release;
		};
		5F0F249822DBC57400A12B0B /* Debug */ = {
			isa = XCBuildConfiguration;
			buildSettings = {
				ASSETCATALOG_COMPILER_APPICON_NAME = AppIcon;
				CODE_SIGN_STYLE = Automatic;
				DEVELOPMENT_TEAM = 9A5HC43DCT;
				INFOPLIST_FILE = despegar.wong/Info.plist;
				LD_RUNPATH_SEARCH_PATHS = (
					"$(inherited)",
					"@executable_path/Frameworks",
				);
				PRODUCT_BUNDLE_IDENTIFIER = "Alphabet.despegar-wong";
				PRODUCT_NAME = "$(TARGET_NAME)";
				SWIFT_VERSION = 4.2;
				TARGETED_DEVICE_FAMILY = "1,2";
			};
			name = Debug;
		};
		5F0F249922DBC57400A12B0B /* Release */ = {
			isa = XCBuildConfiguration;
			buildSettings = {
				ASSETCATALOG_COMPILER_APPICON_NAME = AppIcon;
				CODE_SIGN_STYLE = Automatic;
				DEVELOPMENT_TEAM = 9A5HC43DCT;
				INFOPLIST_FILE = despegar.wong/Info.plist;
				LD_RUNPATH_SEARCH_PATHS = (
					"$(inherited)",
					"@executable_path/Frameworks",
				);
				PRODUCT_BUNDLE_IDENTIFIER = "Alphabet.despegar-wong";
				PRODUCT_NAME = "$(TARGET_NAME)";
				SWIFT_VERSION = 4.2;
				TARGETED_DEVICE_FAMILY = "1,2";
			};
			name = Release;
		};
		5F0F249B22DBC57400A12B0B /* Debug */ = {
			isa = XCBuildConfiguration;
			buildSettings = {
				ALWAYS_EMBED_SWIFT_STANDARD_LIBRARIES = YES;
				BUNDLE_LOADER = "$(TEST_HOST)";
				CODE_SIGN_STYLE = Automatic;
				DEVELOPMENT_TEAM = 9A5HC43DCT;
				INFOPLIST_FILE = despegar.wongTests/Info.plist;
				LD_RUNPATH_SEARCH_PATHS = (
					"$(inherited)",
					"@executable_path/Frameworks",
					"@loader_path/Frameworks",
				);
				PRODUCT_BUNDLE_IDENTIFIER = "Alphabet.despegar-wongTests";
				PRODUCT_NAME = "$(TARGET_NAME)";
				SWIFT_VERSION = 4.2;
				TARGETED_DEVICE_FAMILY = "1,2";
				TEST_HOST = "$(BUILT_PRODUCTS_DIR)/despegar.wong.app/despegar.wong";
			};
			name = Debug;
		};
		5F0F249C22DBC57400A12B0B /* Release */ = {
			isa = XCBuildConfiguration;
			buildSettings = {
				ALWAYS_EMBED_SWIFT_STANDARD_LIBRARIES = YES;
				BUNDLE_LOADER = "$(TEST_HOST)";
				CODE_SIGN_STYLE = Automatic;
				DEVELOPMENT_TEAM = 9A5HC43DCT;
				INFOPLIST_FILE = despegar.wongTests/Info.plist;
				LD_RUNPATH_SEARCH_PATHS = (
					"$(inherited)",
					"@executable_path/Frameworks",
					"@loader_path/Frameworks",
				);
				PRODUCT_BUNDLE_IDENTIFIER = "Alphabet.despegar-wongTests";
				PRODUCT_NAME = "$(TARGET_NAME)";
				SWIFT_VERSION = 4.2;
				TARGETED_DEVICE_FAMILY = "1,2";
				TEST_HOST = "$(BUILT_PRODUCTS_DIR)/despegar.wong.app/despegar.wong";
			};
			name = Release;
		};
		5F0F249E22DBC57400A12B0B /* Debug */ = {
			isa = XCBuildConfiguration;
			buildSettings = {
				ALWAYS_EMBED_SWIFT_STANDARD_LIBRARIES = YES;
				CODE_SIGN_STYLE = Automatic;
				DEVELOPMENT_TEAM = 9A5HC43DCT;
				INFOPLIST_FILE = despegar.wongUITests/Info.plist;
				LD_RUNPATH_SEARCH_PATHS = (
					"$(inherited)",
					"@executable_path/Frameworks",
					"@loader_path/Frameworks",
				);
				PRODUCT_BUNDLE_IDENTIFIER = "Alphabet.despegar-wongUITests";
				PRODUCT_NAME = "$(TARGET_NAME)";
				SWIFT_VERSION = 4.2;
				TARGETED_DEVICE_FAMILY = "1,2";
				TEST_TARGET_NAME = despegar.wong;
			};
			name = Debug;
		};
		5F0F249F22DBC57400A12B0B /* Release */ = {
			isa = XCBuildConfiguration;
			buildSettings = {
				ALWAYS_EMBED_SWIFT_STANDARD_LIBRARIES = YES;
				CODE_SIGN_STYLE = Automatic;
				DEVELOPMENT_TEAM = 9A5HC43DCT;
				INFOPLIST_FILE = despegar.wongUITests/Info.plist;
				LD_RUNPATH_SEARCH_PATHS = (
					"$(inherited)",
					"@executable_path/Frameworks",
					"@loader_path/Frameworks",
				);
				PRODUCT_BUNDLE_IDENTIFIER = "Alphabet.despegar-wongUITests";
				PRODUCT_NAME = "$(TARGET_NAME)";
				SWIFT_VERSION = 4.2;
				TARGETED_DEVICE_FAMILY = "1,2";
				TEST_TARGET_NAME = despegar.wong;
			};
			name = Release;
		};
/* End XCBuildConfiguration section */

/* Begin XCConfigurationList section */
		5F0F246A22DBC57300A12B0B /* Build configuration list for PBXProject "despegar.wong" */ = {
			isa = XCConfigurationList;
			buildConfigurations = (
				5F0F249522DBC57400A12B0B /* Debug */,
				5F0F249622DBC57400A12B0B /* Release */,
			);
			defaultConfigurationIsVisible = 0;
			defaultConfigurationName = Release;
		};
		5F0F249722DBC57400A12B0B /* Build configuration list for PBXNativeTarget "despegar.wong" */ = {
			isa = XCConfigurationList;
			buildConfigurations = (
				5F0F249822DBC57400A12B0B /* Debug */,
				5F0F249922DBC57400A12B0B /* Release */,
			);
			defaultConfigurationIsVisible = 0;
			defaultConfigurationName = Release;
		};
		5F0F249A22DBC57400A12B0B /* Build configuration list for PBXNativeTarget "despegar.wongTests" */ = {
			isa = XCConfigurationList;
			buildConfigurations = (
				5F0F249B22DBC57400A12B0B /* Debug */,
				5F0F249C22DBC57400A12B0B /* Release */,
			);
			defaultConfigurationIsVisible = 0;
			defaultConfigurationName = Release;
		};
		5F0F249D22DBC57400A12B0B /* Build configuration list for PBXNativeTarget "despegar.wongUITests" */ = {
			isa = XCConfigurationList;
			buildConfigurations = (
				5F0F249E22DBC57400A12B0B /* Debug */,
				5F0F249F22DBC57400A12B0B /* Release */,
			);
			defaultConfigurationIsVisible = 0;
			defaultConfigurationName = Release;
		};
/* End XCConfigurationList section */
	};
	rootObject = 5F0F246722DBC57300A12B0B /* Project object */;
}
